// !$*UTF8*$!
{
	archiveVersion = 1;
	classes = {
	};
	objectVersion = 46;
	objects = {

/* Begin PBXBuildFile section */
		5B493948152A848A0055D0D1 /* UIKit.framework in Frameworks */ = {isa = PBXBuildFile; fileRef = 5B493947152A848A0055D0D1 /* UIKit.framework */; };
		5B49394A152A848A0055D0D1 /* Foundation.framework in Frameworks */ = {isa = PBXBuildFile; fileRef = 5B493949152A848A0055D0D1 /* Foundation.framework */; };
		5B49394C152A848A0055D0D1 /* CoreGraphics.framework in Frameworks */ = {isa = PBXBuildFile; fileRef = 5B49394B152A848A0055D0D1 /* CoreGraphics.framework */; };
		5B493952152A848A0055D0D1 /* InfoPlist.strings in Resources */ = {isa = PBXBuildFile; fileRef = 5B493950152A848A0055D0D1 /* InfoPlist.strings */; };
		5B493954152A848A0055D0D1 /* main.m in Sources */ = {isa = PBXBuildFile; fileRef = 5B493953152A848A0055D0D1 /* main.m */; };
		5B493958152A848A0055D0D1 /* AppDelegate.m in Sources */ = {isa = PBXBuildFile; fileRef = 5B493957152A848A0055D0D1 /* AppDelegate.m */; };
		5B49395B152A848A0055D0D1 /* ViewController.m in Sources */ = {isa = PBXBuildFile; fileRef = 5B49395A152A848A0055D0D1 /* ViewController.m */; };
		5B49395E152A848A0055D0D1 /* ViewController.xib in Resources */ = {isa = PBXBuildFile; fileRef = 5B49395C152A848A0055D0D1 /* ViewController.xib */; };
/* End PBXBuildFile section */

/* Begin PBXFileReference section */
		5B493943152A84890055D0D1 /* Switches.app */ = {isa = PBXFileReference; explicitFileType = wrapper.application; includeInIndex = 0; path = Switches.app; sourceTree = BUILT_PRODUCTS_DIR; };
		5B493947152A848A0055D0D1 /* UIKit.framework */ = {isa = PBXFileReference; lastKnownFileType = wrapper.framework; name = UIKit.framework; path = System/Library/Frameworks/UIKit.framework; sourceTree = SDKROOT; };
		5B493949152A848A0055D0D1 /* Foundation.framework */ = {isa = PBXFileReference; lastKnownFileType = wrapper.framework; name = Foundation.framework; path = System/Library/Frameworks/Foundation.framework; sourceTree = SDKROOT; };
		5B49394B152A848A0055D0D1 /* CoreGraphics.framework */ = {isa = PBXFileReference; lastKnownFileType = wrapper.framework; name = CoreGraphics.framework; path = System/Library/Frameworks/CoreGraphics.framework; sourceTree = SDKROOT; };
		5B49394F152A848A0055D0D1 /* Switches-Info.plist */ = {isa = PBXFileReference; lastKnownFileType = text.plist.xml; path = "Switches-Info.plist"; sourceTree = "<group>"; };
		5B493951152A848A0055D0D1 /* en */ = {isa = PBXFileReference; lastKnownFileType = text.plist.strings; name = en; path = en.lproj/InfoPlist.strings; sourceTree = "<group>"; };
		5B493953152A848A0055D0D1 /* main.m */ = {isa = PBXFileReference; lastKnownFileType = sourcecode.c.objc; path = main.m; sourceTree = "<group>"; };
		5B493955152A848A0055D0D1 /* Switches-Prefix.pch */ = {isa = PBXFileReference; lastKnownFileType = sourcecode.c.h; path = "Switches-Prefix.pch"; sourceTree = "<group>"; };
		5B493956152A848A0055D0D1 /* AppDelegate.h */ = {isa = PBXFileReference; lastKnownFileType = sourcecode.c.h; path = AppDelegate.h; sourceTree = "<group>"; };
		5B493957152A848A0055D0D1 /* AppDelegate.m */ = {isa = PBXFileReference; lastKnownFileType = sourcecode.c.objc; path = AppDelegate.m; sourceTree = "<group>"; };
		5B493959152A848A0055D0D1 /* ViewController.h */ = {isa = PBXFileReference; lastKnownFileType = sourcecode.c.h; path = ViewController.h; sourceTree = "<group>"; };
		5B49395A152A848A0055D0D1 /* ViewController.m */ = {isa = PBXFileReference; lastKnownFileType = sourcecode.c.objc; path = ViewController.m; sourceTree = "<group>"; };
		5B49395D152A848A0055D0D1 /* en */ = {isa = PBXFileReference; lastKnownFileType = file.xib; name = en; path = en.lproj/ViewController.xib; sourceTree = "<group>"; };
/* End PBXFileReference section */

/* Begin PBXFrameworksBuildPhase section */
		5B493940152A84890055D0D1 /* Frameworks */ = {
			isa = PBXFrameworksBuildPhase;
			buildActionMask = 2147483647;
			files = (
				5B493948152A848A0055D0D1 /* UIKit.framework in Frameworks */,
				5B49394A152A848A0055D0D1 /* Foundation.framework in Frameworks */,
				5B49394C152A848A0055D0D1 /* CoreGraphics.framework in Frameworks */,
			);
			runOnlyForDeploymentPostprocessing = 0;
		};
/* End PBXFrameworksBuildPhase section */

/* Begin PBXGroup section */
		5B493938152A84890055D0D1 = {
			isa = PBXGroup;
			children = (
				5B49394D152A848A0055D0D1 /* Switches */,
				5B493946152A848A0055D0D1 /* Frameworks */,
				5B493944152A84890055D0D1 /* Products */,
			);
			sourceTree = "<group>";
		};
		5B493944152A84890055D0D1 /* Products */ = {
			isa = PBXGroup;
			children = (
				5B493943152A84890055D0D1 /* Switches.app */,
			);
			name = Products;
			sourceTree = "<group>";
		};
		5B493946152A848A0055D0D1 /* Frameworks */ = {
			isa = PBXGroup;
			children = (
				5B493947152A848A0055D0D1 /* UIKit.framework */,
				5B493949152A848A0055D0D1 /* Foundation.framework */,
				5B49394B152A848A0055D0D1 /* CoreGraphics.framework */,
			);
			name = Frameworks;
			sourceTree = "<group>";
		};
		5B49394D152A848A0055D0D1 /* Switches */ = {
			isa = PBXGroup;
			children = (
				5B493956152A848A0055D0D1 /* AppDelegate.h */,
				5B493957152A848A0055D0D1 /* AppDelegate.m */,
				5B493959152A848A0055D0D1 /* ViewController.h */,
				5B49395A152A848A0055D0D1 /* ViewController.m */,
				5B49395C152A848A0055D0D1 /* ViewController.xib */,
				5B49394E152A848A0055D0D1 /* Supporting Files */,
			);
			path = Switches;
			sourceTree = "<group>";
		};
		5B49394E152A848A0055D0D1 /* Supporting Files */ = {
			isa = PBXGroup;
			children = (
				5B49394F152A848A0055D0D1 /* Switches-Info.plist */,
				5B493950152A848A0055D0D1 /* InfoPlist.strings */,
				5B493953152A848A0055D0D1 /* main.m */,
				5B493955152A848A0055D0D1 /* Switches-Prefix.pch */,
			);
			name = "Supporting Files";
			sourceTree = "<group>";
		};
/* End PBXGroup section */

/* Begin PBXNativeTarget section */
		5B493942152A84890055D0D1 /* Switches */ = {
			isa = PBXNativeTarget;
			buildConfigurationList = 5B493961152A848A0055D0D1 /* Build configuration list for PBXNativeTarget "Switches" */;
			buildPhases = (
				5B49393F152A84890055D0D1 /* Sources */,
				5B493940152A84890055D0D1 /* Frameworks */,
				5B493941152A84890055D0D1 /* Resources */,
			);
			buildRules = (
			);
			dependencies = (
			);
			name = Switches;
			productName = Switches;
			productReference = 5B493943152A84890055D0D1 /* Switches.app */;
			productType = "com.apple.product-type.application";
		};
/* End PBXNativeTarget section */

/* Begin PBXProject section */
		5B49393A152A84890055D0D1 /* Project object */ = {
			isa = PBXProject;
			attributes = {
				LastUpgradeCheck = 0430;
			};
			buildConfigurationList = 5B49393D152A84890055D0D1 /* Build configuration list for PBXProject "Switches" */;
			compatibilityVersion = "Xcode 3.2";
			developmentRegion = English;
			hasScannedForEncodings = 0;
			knownRegions = (
				en,
			);
			mainGroup = 5B493938152A84890055D0D1;
			productRefGroup = 5B493944152A84890055D0D1 /* Products */;
			projectDirPath = "";
			projectRoot = "";
			targets = (
				5B493942152A84890055D0D1 /* Switches */,
			);
		};
/* End PBXProject section */

/* Begin PBXResourcesBuildPhase section */
		5B493941152A84890055D0D1 /* Resources */ = {
			isa = PBXResourcesBuildPhase;
			buildActionMask = 2147483647;
			files = (
				5B493952152A848A0055D0D1 /* InfoPlist.strings in Resources */,
				5B49395E152A848A0055D0D1 /* ViewController.xib in Resources */,
			);
			runOnlyForDeploymentPostprocessing = 0;
		};
/* End PBXResourcesBuildPhase section */

/* Begin PBXSourcesBuildPhase section */
		5B49393F152A84890055D0D1 /* Sources */ = {
			isa = PBXSourcesBuildPhase;
			buildActionMask = 2147483647;
			files = (
				5B493954152A848A0055D0D1 /* main.m in Sources */,
				5B493958152A848A0055D0D1 /* AppDelegate.m in Sources */,
				5B49395B152A848A0055D0D1 /* ViewController.m in Sources */,
			);
			runOnlyForDeploymentPostprocessing = 0;
		};
/* End PBXSourcesBuildPhase section */

/* Begin PBXVariantGroup section */
		5B493950152A848A0055D0D1 /* InfoPlist.strings */ = {
			isa = PBXVariantGroup;
			children = (
				5B493951152A848A0055D0D1 /* en */,
			);
			name = InfoPlist.strings;
			sourceTree = "<group>";
		};
		5B49395C152A848A0055D0D1 /* ViewController.xib */ = {
			isa = PBXVariantGroup;
			children = (
				5B49395D152A848A0055D0D1 /* en */,
			);
			name = ViewController.xib;
			sourceTree = "<group>";
		};
/* End PBXVariantGroup section */

/* Begin XCBuildConfiguration section */
		5B49395F152A848A0055D0D1 /* Debug */ = {
			isa = XCBuildConfiguration;
			buildSettings = {
				ALWAYS_SEARCH_USER_PATHS = NO;
				ARCHS = "$(ARCHS_STANDARD_32_BIT)";
				"CODE_SIGN_IDENTITY[sdk=iphoneos*]" = "iPhone Developer";
				COPY_PHASE_STRIP = NO;
				GCC_C_LANGUAGE_STANDARD = gnu99;
				GCC_DYNAMIC_NO_PIC = NO;
				GCC_OPTIMIZATION_LEVEL = 0;
				GCC_PREPROCESSOR_DEFINITIONS = (
					"DEBUG=1",
					"$(inherited)",
				);
				GCC_SYMBOLS_PRIVATE_EXTERN = NO;
				GCC_VERSION = com.apple.compilers.llvm.clang.1_0;
				GCC_WARN_ABOUT_RETURN_TYPE = YES;
				GCC_WARN_UNINITIALIZED_AUTOS = YES;
				GCC_WARN_UNUSED_VARIABLE = YES;
				IPHONEOS_DEPLOYMENT_TARGET = 5.1;
				SDKROOT = iphoneos;
			};
			name = Debug;
		};
		5B493960152A848A0055D0D1 /* Release */ = {
			isa = XCBuildConfiguration;
			buildSettings = {
				ALWAYS_SEARCH_USER_PATHS = NO;
				ARCHS = "$(ARCHS_STANDARD_32_BIT)";
				"CODE_SIGN_IDENTITY[sdk=iphoneos*]" = "iPhone Developer";
				COPY_PHASE_STRIP = YES;
				GCC_C_LANGUAGE_STANDARD = gnu99;
				GCC_VERSION = com.apple.compilers.llvm.clang.1_0;
				GCC_WARN_ABOUT_RETURN_TYPE = YES;
				GCC_WARN_UNINITIALIZED_AUTOS = YES;
				GCC_WARN_UNUSED_VARIABLE = YES;
				IPHONEOS_DEPLOYMENT_TARGET = 5.1;
				OTHER_CFLAGS = "-DNS_BLOCK_ASSERTIONS=1";
				SDKROOT = iphoneos;
				VALIDATE_PRODUCT = YES;
			};
			name = Release;
		};
		5B493962152A848A0055D0D1 /* Debug */ = {
			isa = XCBuildConfiguration;
			buildSettings = {
				GCC_PRECOMPILE_PREFIX_HEADER = YES;
				GCC_PREFIX_HEADER = "Switches/Switches-Prefix.pch";
				INFOPLIST_FILE = "Switches/Switches-Info.plist";
				PRODUCT_NAME = "$(TARGET_NAME)";
				WRAPPER_EXTENSION = app;
			};
			name = Debug;
		};
		5B493963152A848A0055D0D1 /* Release */ = {
			isa = XCBuildConfiguration;
			buildSettings = {
				GCC_PRECOMPILE_PREFIX_HEADER = YES;
				GCC_PREFIX_HEADER = "Switches/Switches-Prefix.pch";
				INFOPLIST_FILE = "Switches/Switches-Info.plist";
				PRODUCT_NAME = "$(TARGET_NAME)";
				WRAPPER_EXTENSION = app;
			};
			name = Release;
		};
/* End XCBuildConfiguration section */

/* Begin XCConfigurationList section */
		5B49393D152A84890055D0D1 /* Build configuration list for PBXProject "Switches" */ = {
			isa = XCConfigurationList;
			buildConfigurations = (
				5B49395F152A848A0055D0D1 /* Debug */,
				5B493960152A848A0055D0D1 /* Release */,
			);
			defaultConfigurationIsVisible = 0;
			defaultConfigurationName = Release;
		};
		5B493961152A848A0055D0D1 /* Build configuration list for PBXNativeTarget "Switches" */ = {
			isa = XCConfigurationList;
			buildConfigurations = (
				5B493962152A848A0055D0D1 /* Debug */,
				5B493963152A848A0055D0D1 /* Release */,
			);
			defaultConfigurationIsVisible = 0;
		};
/* End XCConfigurationList section */
	};
	rootObject = 5B49393A152A84890055D0D1 /* Project object */;
}
