// !$*UTF8*$!
{
	archiveVersion = 1;
	classes = {
	};
	objectVersion = 46;
	objects = {

/* Begin PBXBuildFile section */
		5B5A55E31528C3CE00B011DF /* UIKit.framework in Frameworks */ = {isa = PBXBuildFile; fileRef = 5B5A55E21528C3CE00B011DF /* UIKit.framework */; };
		5B5A55E51528C3CE00B011DF /* Foundation.framework in Frameworks */ = {isa = PBXBuildFile; fileRef = 5B5A55E41528C3CE00B011DF /* Foundation.framework */; };
		5B5A55E71528C3CE00B011DF /* CoreGraphics.framework in Frameworks */ = {isa = PBXBuildFile; fileRef = 5B5A55E61528C3CE00B011DF /* CoreGraphics.framework */; };
		5B5A55ED1528C3CE00B011DF /* InfoPlist.strings in Resources */ = {isa = PBXBuildFile; fileRef = 5B5A55EB1528C3CE00B011DF /* InfoPlist.strings */; };
		5B5A55EF1528C3CE00B011DF /* main.m in Sources */ = {isa = PBXBuildFile; fileRef = 5B5A55EE1528C3CE00B011DF /* main.m */; };
		5B5A55F31528C3CE00B011DF /* AppDelegate.m in Sources */ = {isa = PBXBuildFile; fileRef = 5B5A55F21528C3CE00B011DF /* AppDelegate.m */; };
		5B5A55F61528C3CE00B011DF /* ViewController.m in Sources */ = {isa = PBXBuildFile; fileRef = 5B5A55F51528C3CE00B011DF /* ViewController.m */; };
		5B5A55F91528C3CE00B011DF /* ViewController.xib in Resources */ = {isa = PBXBuildFile; fileRef = 5B5A55F71528C3CE00B011DF /* ViewController.xib */; };
/* End PBXBuildFile section */

/* Begin PBXFileReference section */
		5B5A55DE1528C3CE00B011DF /* AlertView.app */ = {isa = PBXFileReference; explicitFileType = wrapper.application; includeInIndex = 0; path = AlertView.app; sourceTree = BUILT_PRODUCTS_DIR; };
		5B5A55E21528C3CE00B011DF /* UIKit.framework */ = {isa = PBXFileReference; lastKnownFileType = wrapper.framework; name = UIKit.framework; path = System/Library/Frameworks/UIKit.framework; sourceTree = SDKROOT; };
		5B5A55E41528C3CE00B011DF /* Foundation.framework */ = {isa = PBXFileReference; lastKnownFileType = wrapper.framework; name = Foundation.framework; path = System/Library/Frameworks/Foundation.framework; sourceTree = SDKROOT; };
		5B5A55E61528C3CE00B011DF /* CoreGraphics.framework */ = {isa = PBXFileReference; lastKnownFileType = wrapper.framework; name = CoreGraphics.framework; path = System/Library/Frameworks/CoreGraphics.framework; sourceTree = SDKROOT; };
		5B5A55EA1528C3CE00B011DF /* AlertView-Info.plist */ = {isa = PBXFileReference; lastKnownFileType = text.plist.xml; path = "AlertView-Info.plist"; sourceTree = "<group>"; };
		5B5A55EC1528C3CE00B011DF /* en */ = {isa = PBXFileReference; lastKnownFileType = text.plist.strings; name = en; path = en.lproj/InfoPlist.strings; sourceTree = "<group>"; };
		5B5A55EE1528C3CE00B011DF /* main.m */ = {isa = PBXFileReference; lastKnownFileType = sourcecode.c.objc; path = main.m; sourceTree = "<group>"; };
		5B5A55F01528C3CE00B011DF /* AlertView-Prefix.pch */ = {isa = PBXFileReference; lastKnownFileType = sourcecode.c.h; path = "AlertView-Prefix.pch"; sourceTree = "<group>"; };
		5B5A55F11528C3CE00B011DF /* AppDelegate.h */ = {isa = PBXFileReference; lastKnownFileType = sourcecode.c.h; path = AppDelegate.h; sourceTree = "<group>"; };
		5B5A55F21528C3CE00B011DF /* AppDelegate.m */ = {isa = PBXFileReference; lastKnownFileType = sourcecode.c.objc; path = AppDelegate.m; sourceTree = "<group>"; };
		5B5A55F41528C3CE00B011DF /* ViewController.h */ = {isa = PBXFileReference; lastKnownFileType = sourcecode.c.h; path = ViewController.h; sourceTree = "<group>"; };
		5B5A55F51528C3CE00B011DF /* ViewController.m */ = {isa = PBXFileReference; lastKnownFileType = sourcecode.c.objc; path = ViewController.m; sourceTree = "<group>"; };
		5B5A55F81528C3CE00B011DF /* en */ = {isa = PBXFileReference; lastKnownFileType = file.xib; name = en; path = en.lproj/ViewController.xib; sourceTree = "<group>"; };
/* End PBXFileReference section */

/* Begin PBXFrameworksBuildPhase section */
		5B5A55DB1528C3CE00B011DF /* Frameworks */ = {
			isa = PBXFrameworksBuildPhase;
			buildActionMask = 2147483647;
			files = (
				5B5A55E31528C3CE00B011DF /* UIKit.framework in Frameworks */,
				5B5A55E51528C3CE00B011DF /* Foundation.framework in Frameworks */,
				5B5A55E71528C3CE00B011DF /* CoreGraphics.framework in Frameworks */,
			);
			runOnlyForDeploymentPostprocessing = 0;
		};
/* End PBXFrameworksBuildPhase section */

/* Begin PBXGroup section */
		5B5A55D31528C3CE00B011DF = {
			isa = PBXGroup;
			children = (
				5B5A55E81528C3CE00B011DF /* AlertView */,
				5B5A55E11528C3CE00B011DF /* Frameworks */,
				5B5A55DF1528C3CE00B011DF /* Products */,
			);
			sourceTree = "<group>";
		};
		5B5A55DF1528C3CE00B011DF /* Products */ = {
			isa = PBXGroup;
			children = (
				5B5A55DE1528C3CE00B011DF /* AlertView.app */,
			);
			name = Products;
			sourceTree = "<group>";
		};
		5B5A55E11528C3CE00B011DF /* Frameworks */ = {
			isa = PBXGroup;
			children = (
				5B5A55E21528C3CE00B011DF /* UIKit.framework */,
				5B5A55E41528C3CE00B011DF /* Foundation.framework */,
				5B5A55E61528C3CE00B011DF /* CoreGraphics.framework */,
			);
			name = Frameworks;
			sourceTree = "<group>";
		};
		5B5A55E81528C3CE00B011DF /* AlertView */ = {
			isa = PBXGroup;
			children = (
				5B5A55F11528C3CE00B011DF /* AppDelegate.h */,
				5B5A55F21528C3CE00B011DF /* AppDelegate.m */,
				5B5A55F41528C3CE00B011DF /* ViewController.h */,
				5B5A55F51528C3CE00B011DF /* ViewController.m */,
				5B5A55F71528C3CE00B011DF /* ViewController.xib */,
				5B5A55E91528C3CE00B011DF /* Supporting Files */,
			);
			path = AlertView;
			sourceTree = "<group>";
		};
		5B5A55E91528C3CE00B011DF /* Supporting Files */ = {
			isa = PBXGroup;
			children = (
				5B5A55EA1528C3CE00B011DF /* AlertView-Info.plist */,
				5B5A55EB1528C3CE00B011DF /* InfoPlist.strings */,
				5B5A55EE1528C3CE00B011DF /* main.m */,
				5B5A55F01528C3CE00B011DF /* AlertView-Prefix.pch */,
			);
			name = "Supporting Files";
			sourceTree = "<group>";
		};
/* End PBXGroup section */

/* Begin PBXNativeTarget section */
		5B5A55DD1528C3CE00B011DF /* AlertView */ = {
			isa = PBXNativeTarget;
			buildConfigurationList = 5B5A55FC1528C3CE00B011DF /* Build configuration list for PBXNativeTarget "AlertView" */;
			buildPhases = (
				5B5A55DA1528C3CE00B011DF /* Sources */,
				5B5A55DB1528C3CE00B011DF /* Frameworks */,
				5B5A55DC1528C3CE00B011DF /* Resources */,
			);
			buildRules = (
			);
			dependencies = (
			);
			name = AlertView;
			productName = AlertView;
			productReference = 5B5A55DE1528C3CE00B011DF /* AlertView.app */;
			productType = "com.apple.product-type.application";
		};
/* End PBXNativeTarget section */

/* Begin PBXProject section */
		5B5A55D51528C3CE00B011DF /* Project object */ = {
			isa = PBXProject;
			attributes = {
				LastUpgradeCheck = 0430;
			};
			buildConfigurationList = 5B5A55D81528C3CE00B011DF /* Build configuration list for PBXProject "AlertView" */;
			compatibilityVersion = "Xcode 3.2";
			developmentRegion = English;
			hasScannedForEncodings = 0;
			knownRegions = (
				en,
			);
			mainGroup = 5B5A55D31528C3CE00B011DF;
			productRefGroup = 5B5A55DF1528C3CE00B011DF /* Products */;
			projectDirPath = "";
			projectRoot = "";
			targets = (
				5B5A55DD1528C3CE00B011DF /* AlertView */,
			);
		};
/* End PBXProject section */

/* Begin PBXResourcesBuildPhase section */
		5B5A55DC1528C3CE00B011DF /* Resources */ = {
			isa = PBXResourcesBuildPhase;
			buildActionMask = 2147483647;
			files = (
				5B5A55ED1528C3CE00B011DF /* InfoPlist.strings in Resources */,
				5B5A55F91528C3CE00B011DF /* ViewController.xib in Resources */,
			);
			runOnlyForDeploymentPostprocessing = 0;
		};
/* End PBXResourcesBuildPhase section */

/* Begin PBXSourcesBuildPhase section */
		5B5A55DA1528C3CE00B011DF /* Sources */ = {
			isa = PBXSourcesBuildPhase;
			buildActionMask = 2147483647;
			files = (
				5B5A55EF1528C3CE00B011DF /* main.m in Sources */,
				5B5A55F31528C3CE00B011DF /* AppDelegate.m in Sources */,
				5B5A55F61528C3CE00B011DF /* ViewController.m in Sources */,
			);
			runOnlyForDeploymentPostprocessing = 0;
		};
/* End PBXSourcesBuildPhase section */

/* Begin PBXVariantGroup section */
		5B5A55EB1528C3CE00B011DF /* InfoPlist.strings */ = {
			isa = PBXVariantGroup;
			children = (
				5B5A55EC1528C3CE00B011DF /* en */,
			);
			name = InfoPlist.strings;
			sourceTree = "<group>";
		};
		5B5A55F71528C3CE00B011DF /* ViewController.xib */ = {
			isa = PBXVariantGroup;
			children = (
				5B5A55F81528C3CE00B011DF /* en */,
			);
			name = ViewController.xib;
			sourceTree = "<group>";
		};
/* End PBXVariantGroup section */

/* Begin XCBuildConfiguration section */
		5B5A55FA1528C3CE00B011DF /* Debug */ = {
			isa = XCBuildConfiguration;
			buildSettings = {
				ALWAYS_SEARCH_USER_PATHS = NO;
				ARCHS = "$(ARCHS_STANDARD_32_BIT)";
				"CODE_SIGN_IDENTITY[sdk=iphoneos*]" = "iPhone Developer";
				COPY_PHASE_STRIP = NO;
				GCC_C_LANGUAGE_STANDARD = gnu99;
				GCC_DYNAMIC_NO_PIC = NO;
				GCC_OPTIMIZATION_LEVEL = 0;
				GCC_PREPROCESSOR_DEFINITIONS = (
					"DEBUG=1",
					"$(inherited)",
				);
				GCC_SYMBOLS_PRIVATE_EXTERN = NO;
				GCC_VERSION = com.apple.compilers.llvm.clang.1_0;
				GCC_WARN_ABOUT_RETURN_TYPE = YES;
				GCC_WARN_UNINITIALIZED_AUTOS = YES;
				GCC_WARN_UNUSED_VARIABLE = YES;
				IPHONEOS_DEPLOYMENT_TARGET = 5.1;
				SDKROOT = iphoneos;
			};
			name = Debug;
		};
		5B5A55FB1528C3CE00B011DF /* Release */ = {
			isa = XCBuildConfiguration;
			buildSettings = {
				ALWAYS_SEARCH_USER_PATHS = NO;
				ARCHS = "$(ARCHS_STANDARD_32_BIT)";
				"CODE_SIGN_IDENTITY[sdk=iphoneos*]" = "iPhone Developer";
				COPY_PHASE_STRIP = YES;
				GCC_C_LANGUAGE_STANDARD = gnu99;
				GCC_VERSION = com.apple.compilers.llvm.clang.1_0;
				GCC_WARN_ABOUT_RETURN_TYPE = YES;
				GCC_WARN_UNINITIALIZED_AUTOS = YES;
				GCC_WARN_UNUSED_VARIABLE = YES;
				IPHONEOS_DEPLOYMENT_TARGET = 5.1;
				OTHER_CFLAGS = "-DNS_BLOCK_ASSERTIONS=1";
				SDKROOT = iphoneos;
				VALIDATE_PRODUCT = YES;
			};
			name = Release;
		};
		5B5A55FD1528C3CE00B011DF /* Debug */ = {
			isa = XCBuildConfiguration;
			buildSettings = {
				GCC_PRECOMPILE_PREFIX_HEADER = YES;
				GCC_PREFIX_HEADER = "AlertView/AlertView-Prefix.pch";
				INFOPLIST_FILE = "AlertView/AlertView-Info.plist";
				PRODUCT_NAME = "$(TARGET_NAME)";
				WRAPPER_EXTENSION = app;
			};
			name = Debug;
		};
		5B5A55FE1528C3CE00B011DF /* Release */ = {
			isa = XCBuildConfiguration;
			buildSettings = {
				GCC_PRECOMPILE_PREFIX_HEADER = YES;
				GCC_PREFIX_HEADER = "AlertView/AlertView-Prefix.pch";
				INFOPLIST_FILE = "AlertView/AlertView-Info.plist";
				PRODUCT_NAME = "$(TARGET_NAME)";
				WRAPPER_EXTENSION = app;
			};
			name = Release;
		};
/* End XCBuildConfiguration section */

/* Begin XCConfigurationList section */
		5B5A55D81528C3CE00B011DF /* Build configuration list for PBXProject "AlertView" */ = {
			isa = XCConfigurationList;
			buildConfigurations = (
				5B5A55FA1528C3CE00B011DF /* Debug */,
				5B5A55FB1528C3CE00B011DF /* Release */,
			);
			defaultConfigurationIsVisible = 0;
			defaultConfigurationName = Release;
		};
		5B5A55FC1528C3CE00B011DF /* Build configuration list for PBXNativeTarget "AlertView" */ = {
			isa = XCConfigurationList;
			buildConfigurations = (
				5B5A55FD1528C3CE00B011DF /* Debug */,
				5B5A55FE1528C3CE00B011DF /* Release */,
			);
			defaultConfigurationIsVisible = 0;
		};
/* End XCConfigurationList section */
	};
	rootObject = 5B5A55D51528C3CE00B011DF /* Project object */;
}
