// !$*UTF8*$!
{
	archiveVersion = 1;
	classes = {
	};
	objectVersion = 46;
	objects = {

/* Begin PBXBuildFile section */
		5B4B721415320D9B0082B000 /* UIKit.framework in Frameworks */ = {isa = PBXBuildFile; fileRef = 5B4B721315320D9B0082B000 /* UIKit.framework */; };
		5B4B721615320D9B0082B000 /* Foundation.framework in Frameworks */ = {isa = PBXBuildFile; fileRef = 5B4B721515320D9B0082B000 /* Foundation.framework */; };
		5B4B721815320D9B0082B000 /* CoreGraphics.framework in Frameworks */ = {isa = PBXBuildFile; fileRef = 5B4B721715320D9B0082B000 /* CoreGraphics.framework */; };
		5B4B721E15320D9B0082B000 /* InfoPlist.strings in Resources */ = {isa = PBXBuildFile; fileRef = 5B4B721C15320D9B0082B000 /* InfoPlist.strings */; };
		5B4B722015320D9B0082B000 /* main.m in Sources */ = {isa = PBXBuildFile; fileRef = 5B4B721F15320D9B0082B000 /* main.m */; };
		5B4B722415320D9B0082B000 /* AppDelegate.m in Sources */ = {isa = PBXBuildFile; fileRef = 5B4B722315320D9B0082B000 /* AppDelegate.m */; };
		5B4B722715320D9B0082B000 /* ViewController.m in Sources */ = {isa = PBXBuildFile; fileRef = 5B4B722615320D9B0082B000 /* ViewController.m */; };
		5B4B722A15320D9B0082B000 /* ViewController.xib in Resources */ = {isa = PBXBuildFile; fileRef = 5B4B722815320D9B0082B000 /* ViewController.xib */; };
/* End PBXBuildFile section */

/* Begin PBXFileReference section */
		5B4B720F15320D9B0082B000 /* Slider.app */ = {isa = PBXFileReference; explicitFileType = wrapper.application; includeInIndex = 0; path = Slider.app; sourceTree = BUILT_PRODUCTS_DIR; };
		5B4B721315320D9B0082B000 /* UIKit.framework */ = {isa = PBXFileReference; lastKnownFileType = wrapper.framework; name = UIKit.framework; path = System/Library/Frameworks/UIKit.framework; sourceTree = SDKROOT; };
		5B4B721515320D9B0082B000 /* Foundation.framework */ = {isa = PBXFileReference; lastKnownFileType = wrapper.framework; name = Foundation.framework; path = System/Library/Frameworks/Foundation.framework; sourceTree = SDKROOT; };
		5B4B721715320D9B0082B000 /* CoreGraphics.framework */ = {isa = PBXFileReference; lastKnownFileType = wrapper.framework; name = CoreGraphics.framework; path = System/Library/Frameworks/CoreGraphics.framework; sourceTree = SDKROOT; };
		5B4B721B15320D9B0082B000 /* Slider-Info.plist */ = {isa = PBXFileReference; lastKnownFileType = text.plist.xml; path = "Slider-Info.plist"; sourceTree = "<group>"; };
		5B4B721D15320D9B0082B000 /* en */ = {isa = PBXFileReference; lastKnownFileType = text.plist.strings; name = en; path = en.lproj/InfoPlist.strings; sourceTree = "<group>"; };
		5B4B721F15320D9B0082B000 /* main.m */ = {isa = PBXFileReference; lastKnownFileType = sourcecode.c.objc; path = main.m; sourceTree = "<group>"; };
		5B4B722115320D9B0082B000 /* Slider-Prefix.pch */ = {isa = PBXFileReference; lastKnownFileType = sourcecode.c.h; path = "Slider-Prefix.pch"; sourceTree = "<group>"; };
		5B4B722215320D9B0082B000 /* AppDelegate.h */ = {isa = PBXFileReference; lastKnownFileType = sourcecode.c.h; path = AppDelegate.h; sourceTree = "<group>"; };
		5B4B722315320D9B0082B000 /* AppDelegate.m */ = {isa = PBXFileReference; lastKnownFileType = sourcecode.c.objc; path = AppDelegate.m; sourceTree = "<group>"; };
		5B4B722515320D9B0082B000 /* ViewController.h */ = {isa = PBXFileReference; lastKnownFileType = sourcecode.c.h; path = ViewController.h; sourceTree = "<group>"; };
		5B4B722615320D9B0082B000 /* ViewController.m */ = {isa = PBXFileReference; lastKnownFileType = sourcecode.c.objc; path = ViewController.m; sourceTree = "<group>"; };
		5B4B722915320D9B0082B000 /* en */ = {isa = PBXFileReference; lastKnownFileType = file.xib; name = en; path = en.lproj/ViewController.xib; sourceTree = "<group>"; };
/* End PBXFileReference section */

/* Begin PBXFrameworksBuildPhase section */
		5B4B720C15320D9B0082B000 /* Frameworks */ = {
			isa = PBXFrameworksBuildPhase;
			buildActionMask = 2147483647;
			files = (
				5B4B721415320D9B0082B000 /* UIKit.framework in Frameworks */,
				5B4B721615320D9B0082B000 /* Foundation.framework in Frameworks */,
				5B4B721815320D9B0082B000 /* CoreGraphics.framework in Frameworks */,
			);
			runOnlyForDeploymentPostprocessing = 0;
		};
/* End PBXFrameworksBuildPhase section */

/* Begin PBXGroup section */
		5B4B720415320D9B0082B000 = {
			isa = PBXGroup;
			children = (
				5B4B721915320D9B0082B000 /* Slider */,
				5B4B721215320D9B0082B000 /* Frameworks */,
				5B4B721015320D9B0082B000 /* Products */,
			);
			sourceTree = "<group>";
		};
		5B4B721015320D9B0082B000 /* Products */ = {
			isa = PBXGroup;
			children = (
				5B4B720F15320D9B0082B000 /* Slider.app */,
			);
			name = Products;
			sourceTree = "<group>";
		};
		5B4B721215320D9B0082B000 /* Frameworks */ = {
			isa = PBXGroup;
			children = (
				5B4B721315320D9B0082B000 /* UIKit.framework */,
				5B4B721515320D9B0082B000 /* Foundation.framework */,
				5B4B721715320D9B0082B000 /* CoreGraphics.framework */,
			);
			name = Frameworks;
			sourceTree = "<group>";
		};
		5B4B721915320D9B0082B000 /* Slider */ = {
			isa = PBXGroup;
			children = (
				5B4B722215320D9B0082B000 /* AppDelegate.h */,
				5B4B722315320D9B0082B000 /* AppDelegate.m */,
				5B4B722515320D9B0082B000 /* ViewController.h */,
				5B4B722615320D9B0082B000 /* ViewController.m */,
				5B4B722815320D9B0082B000 /* ViewController.xib */,
				5B4B721A15320D9B0082B000 /* Supporting Files */,
			);
			path = Slider;
			sourceTree = "<group>";
		};
		5B4B721A15320D9B0082B000 /* Supporting Files */ = {
			isa = PBXGroup;
			children = (
				5B4B721B15320D9B0082B000 /* Slider-Info.plist */,
				5B4B721C15320D9B0082B000 /* InfoPlist.strings */,
				5B4B721F15320D9B0082B000 /* main.m */,
				5B4B722115320D9B0082B000 /* Slider-Prefix.pch */,
			);
			name = "Supporting Files";
			sourceTree = "<group>";
		};
/* End PBXGroup section */

/* Begin PBXNativeTarget section */
		5B4B720E15320D9B0082B000 /* Slider */ = {
			isa = PBXNativeTarget;
			buildConfigurationList = 5B4B722D15320D9B0082B000 /* Build configuration list for PBXNativeTarget "Slider" */;
			buildPhases = (
				5B4B720B15320D9B0082B000 /* Sources */,
				5B4B720C15320D9B0082B000 /* Frameworks */,
				5B4B720D15320D9B0082B000 /* Resources */,
			);
			buildRules = (
			);
			dependencies = (
			);
			name = Slider;
			productName = Slider;
			productReference = 5B4B720F15320D9B0082B000 /* Slider.app */;
			productType = "com.apple.product-type.application";
		};
/* End PBXNativeTarget section */

/* Begin PBXProject section */
		5B4B720615320D9B0082B000 /* Project object */ = {
			isa = PBXProject;
			attributes = {
				LastUpgradeCheck = 0430;
			};
			buildConfigurationList = 5B4B720915320D9B0082B000 /* Build configuration list for PBXProject "Slider" */;
			compatibilityVersion = "Xcode 3.2";
			developmentRegion = English;
			hasScannedForEncodings = 0;
			knownRegions = (
				en,
			);
			mainGroup = 5B4B720415320D9B0082B000;
			productRefGroup = 5B4B721015320D9B0082B000 /* Products */;
			projectDirPath = "";
			projectRoot = "";
			targets = (
				5B4B720E15320D9B0082B000 /* Slider */,
			);
		};
/* End PBXProject section */

/* Begin PBXResourcesBuildPhase section */
		5B4B720D15320D9B0082B000 /* Resources */ = {
			isa = PBXResourcesBuildPhase;
			buildActionMask = 2147483647;
			files = (
				5B4B721E15320D9B0082B000 /* InfoPlist.strings in Resources */,
				5B4B722A15320D9B0082B000 /* ViewController.xib in Resources */,
			);
			runOnlyForDeploymentPostprocessing = 0;
		};
/* End PBXResourcesBuildPhase section */

/* Begin PBXSourcesBuildPhase section */
		5B4B720B15320D9B0082B000 /* Sources */ = {
			isa = PBXSourcesBuildPhase;
			buildActionMask = 2147483647;
			files = (
				5B4B722015320D9B0082B000 /* main.m in Sources */,
				5B4B722415320D9B0082B000 /* AppDelegate.m in Sources */,
				5B4B722715320D9B0082B000 /* ViewController.m in Sources */,
			);
			runOnlyForDeploymentPostprocessing = 0;
		};
/* End PBXSourcesBuildPhase section */

/* Begin PBXVariantGroup section */
		5B4B721C15320D9B0082B000 /* InfoPlist.strings */ = {
			isa = PBXVariantGroup;
			children = (
				5B4B721D15320D9B0082B000 /* en */,
			);
			name = InfoPlist.strings;
			sourceTree = "<group>";
		};
		5B4B722815320D9B0082B000 /* ViewController.xib */ = {
			isa = PBXVariantGroup;
			children = (
				5B4B722915320D9B0082B000 /* en */,
			);
			name = ViewController.xib;
			sourceTree = "<group>";
		};
/* End PBXVariantGroup section */

/* Begin XCBuildConfiguration section */
		5B4B722B15320D9B0082B000 /* Debug */ = {
			isa = XCBuildConfiguration;
			buildSettings = {
				ALWAYS_SEARCH_USER_PATHS = NO;
				ARCHS = "$(ARCHS_STANDARD_32_BIT)";
				"CODE_SIGN_IDENTITY[sdk=iphoneos*]" = "iPhone Developer";
				COPY_PHASE_STRIP = NO;
				GCC_C_LANGUAGE_STANDARD = gnu99;
				GCC_DYNAMIC_NO_PIC = NO;
				GCC_OPTIMIZATION_LEVEL = 0;
				GCC_PREPROCESSOR_DEFINITIONS = (
					"DEBUG=1",
					"$(inherited)",
				);
				GCC_SYMBOLS_PRIVATE_EXTERN = NO;
				GCC_VERSION = com.apple.compilers.llvm.clang.1_0;
				GCC_WARN_ABOUT_RETURN_TYPE = YES;
				GCC_WARN_UNINITIALIZED_AUTOS = YES;
				GCC_WARN_UNUSED_VARIABLE = YES;
				IPHONEOS_DEPLOYMENT_TARGET = 5.1;
				SDKROOT = iphoneos;
			};
			name = Debug;
		};
		5B4B722C15320D9B0082B000 /* Release */ = {
			isa = XCBuildConfiguration;
			buildSettings = {
				ALWAYS_SEARCH_USER_PATHS = NO;
				ARCHS = "$(ARCHS_STANDARD_32_BIT)";
				"CODE_SIGN_IDENTITY[sdk=iphoneos*]" = "iPhone Developer";
				COPY_PHASE_STRIP = YES;
				GCC_C_LANGUAGE_STANDARD = gnu99;
				GCC_VERSION = com.apple.compilers.llvm.clang.1_0;
				GCC_WARN_ABOUT_RETURN_TYPE = YES;
				GCC_WARN_UNINITIALIZED_AUTOS = YES;
				GCC_WARN_UNUSED_VARIABLE = YES;
				IPHONEOS_DEPLOYMENT_TARGET = 5.1;
				OTHER_CFLAGS = "-DNS_BLOCK_ASSERTIONS=1";
				SDKROOT = iphoneos;
				VALIDATE_PRODUCT = YES;
			};
			name = Release;
		};
		5B4B722E15320D9B0082B000 /* Debug */ = {
			isa = XCBuildConfiguration;
			buildSettings = {
				GCC_PRECOMPILE_PREFIX_HEADER = YES;
				GCC_PREFIX_HEADER = "Slider/Slider-Prefix.pch";
				INFOPLIST_FILE = "Slider/Slider-Info.plist";
				PRODUCT_NAME = "$(TARGET_NAME)";
				WRAPPER_EXTENSION = app;
			};
			name = Debug;
		};
		5B4B722F15320D9B0082B000 /* Release */ = {
			isa = XCBuildConfiguration;
			buildSettings = {
				GCC_PRECOMPILE_PREFIX_HEADER = YES;
				GCC_PREFIX_HEADER = "Slider/Slider-Prefix.pch";
				INFOPLIST_FILE = "Slider/Slider-Info.plist";
				PRODUCT_NAME = "$(TARGET_NAME)";
				WRAPPER_EXTENSION = app;
			};
			name = Release;
		};
/* End XCBuildConfiguration section */

/* Begin XCConfigurationList section */
		5B4B720915320D9B0082B000 /* Build configuration list for PBXProject "Slider" */ = {
			isa = XCConfigurationList;
			buildConfigurations = (
				5B4B722B15320D9B0082B000 /* Debug */,
				5B4B722C15320D9B0082B000 /* Release */,
			);
			defaultConfigurationIsVisible = 0;
			defaultConfigurationName = Release;
		};
		5B4B722D15320D9B0082B000 /* Build configuration list for PBXNativeTarget "Slider" */ = {
			isa = XCConfigurationList;
			buildConfigurations = (
				5B4B722E15320D9B0082B000 /* Debug */,
				5B4B722F15320D9B0082B000 /* Release */,
			);
			defaultConfigurationIsVisible = 0;
		};
/* End XCConfigurationList section */
	};
	rootObject = 5B4B720615320D9B0082B000 /* Project object */;
}
