// !$*UTF8*$!
{
	archiveVersion = 1;
	classes = {
	};
	objectVersion = 46;
	objects = {

/* Begin PBXBuildFile section */
		5BADAF201532183400B50C0E /* UIKit.framework in Frameworks */ = {isa = PBXBuildFile; fileRef = 5BADAF1F1532183400B50C0E /* UIKit.framework */; };
		5BADAF221532183400B50C0E /* Foundation.framework in Frameworks */ = {isa = PBXBuildFile; fileRef = 5BADAF211532183400B50C0E /* Foundation.framework */; };
		5BADAF241532183400B50C0E /* CoreGraphics.framework in Frameworks */ = {isa = PBXBuildFile; fileRef = 5BADAF231532183400B50C0E /* CoreGraphics.framework */; };
		5BADAF2A1532183400B50C0E /* InfoPlist.strings in Resources */ = {isa = PBXBuildFile; fileRef = 5BADAF281532183400B50C0E /* InfoPlist.strings */; };
		5BADAF2C1532183400B50C0E /* main.m in Sources */ = {isa = PBXBuildFile; fileRef = 5BADAF2B1532183400B50C0E /* main.m */; };
		5BADAF301532183400B50C0E /* AppDelegate.m in Sources */ = {isa = PBXBuildFile; fileRef = 5BADAF2F1532183400B50C0E /* AppDelegate.m */; };
		5BADAF331532183400B50C0E /* ViewController.m in Sources */ = {isa = PBXBuildFile; fileRef = 5BADAF321532183400B50C0E /* ViewController.m */; };
		5BADAF361532183400B50C0E /* ViewController.xib in Resources */ = {isa = PBXBuildFile; fileRef = 5BADAF341532183400B50C0E /* ViewController.xib */; };
/* End PBXBuildFile section */

/* Begin PBXFileReference section */
		5BADAF1B1532183400B50C0E /* SegmentControl.app */ = {isa = PBXFileReference; explicitFileType = wrapper.application; includeInIndex = 0; path = SegmentControl.app; sourceTree = BUILT_PRODUCTS_DIR; };
		5BADAF1F1532183400B50C0E /* UIKit.framework */ = {isa = PBXFileReference; lastKnownFileType = wrapper.framework; name = UIKit.framework; path = System/Library/Frameworks/UIKit.framework; sourceTree = SDKROOT; };
		5BADAF211532183400B50C0E /* Foundation.framework */ = {isa = PBXFileReference; lastKnownFileType = wrapper.framework; name = Foundation.framework; path = System/Library/Frameworks/Foundation.framework; sourceTree = SDKROOT; };
		5BADAF231532183400B50C0E /* CoreGraphics.framework */ = {isa = PBXFileReference; lastKnownFileType = wrapper.framework; name = CoreGraphics.framework; path = System/Library/Frameworks/CoreGraphics.framework; sourceTree = SDKROOT; };
		5BADAF271532183400B50C0E /* SegmentControl-Info.plist */ = {isa = PBXFileReference; lastKnownFileType = text.plist.xml; path = "SegmentControl-Info.plist"; sourceTree = "<group>"; };
		5BADAF291532183400B50C0E /* en */ = {isa = PBXFileReference; lastKnownFileType = text.plist.strings; name = en; path = en.lproj/InfoPlist.strings; sourceTree = "<group>"; };
		5BADAF2B1532183400B50C0E /* main.m */ = {isa = PBXFileReference; lastKnownFileType = sourcecode.c.objc; path = main.m; sourceTree = "<group>"; };
		5BADAF2D1532183400B50C0E /* SegmentControl-Prefix.pch */ = {isa = PBXFileReference; lastKnownFileType = sourcecode.c.h; path = "SegmentControl-Prefix.pch"; sourceTree = "<group>"; };
		5BADAF2E1532183400B50C0E /* AppDelegate.h */ = {isa = PBXFileReference; lastKnownFileType = sourcecode.c.h; path = AppDelegate.h; sourceTree = "<group>"; };
		5BADAF2F1532183400B50C0E /* AppDelegate.m */ = {isa = PBXFileReference; lastKnownFileType = sourcecode.c.objc; path = AppDelegate.m; sourceTree = "<group>"; };
		5BADAF311532183400B50C0E /* ViewController.h */ = {isa = PBXFileReference; lastKnownFileType = sourcecode.c.h; path = ViewController.h; sourceTree = "<group>"; };
		5BADAF321532183400B50C0E /* ViewController.m */ = {isa = PBXFileReference; lastKnownFileType = sourcecode.c.objc; path = ViewController.m; sourceTree = "<group>"; };
		5BADAF351532183400B50C0E /* en */ = {isa = PBXFileReference; lastKnownFileType = file.xib; name = en; path = en.lproj/ViewController.xib; sourceTree = "<group>"; };
/* End PBXFileReference section */

/* Begin PBXFrameworksBuildPhase section */
		5BADAF181532183400B50C0E /* Frameworks */ = {
			isa = PBXFrameworksBuildPhase;
			buildActionMask = 2147483647;
			files = (
				5BADAF201532183400B50C0E /* UIKit.framework in Frameworks */,
				5BADAF221532183400B50C0E /* Foundation.framework in Frameworks */,
				5BADAF241532183400B50C0E /* CoreGraphics.framework in Frameworks */,
			);
			runOnlyForDeploymentPostprocessing = 0;
		};
/* End PBXFrameworksBuildPhase section */

/* Begin PBXGroup section */
		5BADAF101532183400B50C0E = {
			isa = PBXGroup;
			children = (
				5BADAF251532183400B50C0E /* SegmentControl */,
				5BADAF1E1532183400B50C0E /* Frameworks */,
				5BADAF1C1532183400B50C0E /* Products */,
			);
			sourceTree = "<group>";
		};
		5BADAF1C1532183400B50C0E /* Products */ = {
			isa = PBXGroup;
			children = (
				5BADAF1B1532183400B50C0E /* SegmentControl.app */,
			);
			name = Products;
			sourceTree = "<group>";
		};
		5BADAF1E1532183400B50C0E /* Frameworks */ = {
			isa = PBXGroup;
			children = (
				5BADAF1F1532183400B50C0E /* UIKit.framework */,
				5BADAF211532183400B50C0E /* Foundation.framework */,
				5BADAF231532183400B50C0E /* CoreGraphics.framework */,
			);
			name = Frameworks;
			sourceTree = "<group>";
		};
		5BADAF251532183400B50C0E /* SegmentControl */ = {
			isa = PBXGroup;
			children = (
				5BADAF2E1532183400B50C0E /* AppDelegate.h */,
				5BADAF2F1532183400B50C0E /* AppDelegate.m */,
				5BADAF311532183400B50C0E /* ViewController.h */,
				5BADAF321532183400B50C0E /* ViewController.m */,
				5BADAF341532183400B50C0E /* ViewController.xib */,
				5BADAF261532183400B50C0E /* Supporting Files */,
			);
			path = SegmentControl;
			sourceTree = "<group>";
		};
		5BADAF261532183400B50C0E /* Supporting Files */ = {
			isa = PBXGroup;
			children = (
				5BADAF271532183400B50C0E /* SegmentControl-Info.plist */,
				5BADAF281532183400B50C0E /* InfoPlist.strings */,
				5BADAF2B1532183400B50C0E /* main.m */,
				5BADAF2D1532183400B50C0E /* SegmentControl-Prefix.pch */,
			);
			name = "Supporting Files";
			sourceTree = "<group>";
		};
/* End PBXGroup section */

/* Begin PBXNativeTarget section */
		5BADAF1A1532183400B50C0E /* SegmentControl */ = {
			isa = PBXNativeTarget;
			buildConfigurationList = 5BADAF391532183400B50C0E /* Build configuration list for PBXNativeTarget "SegmentControl" */;
			buildPhases = (
				5BADAF171532183400B50C0E /* Sources */,
				5BADAF181532183400B50C0E /* Frameworks */,
				5BADAF191532183400B50C0E /* Resources */,
			);
			buildRules = (
			);
			dependencies = (
			);
			name = SegmentControl;
			productName = SegmentControl;
			productReference = 5BADAF1B1532183400B50C0E /* SegmentControl.app */;
			productType = "com.apple.product-type.application";
		};
/* End PBXNativeTarget section */

/* Begin PBXProject section */
		5BADAF121532183400B50C0E /* Project object */ = {
			isa = PBXProject;
			attributes = {
				LastUpgradeCheck = 0430;
			};
			buildConfigurationList = 5BADAF151532183400B50C0E /* Build configuration list for PBXProject "SegmentControl" */;
			compatibilityVersion = "Xcode 3.2";
			developmentRegion = English;
			hasScannedForEncodings = 0;
			knownRegions = (
				en,
			);
			mainGroup = 5BADAF101532183400B50C0E;
			productRefGroup = 5BADAF1C1532183400B50C0E /* Products */;
			projectDirPath = "";
			projectRoot = "";
			targets = (
				5BADAF1A1532183400B50C0E /* SegmentControl */,
			);
		};
/* End PBXProject section */

/* Begin PBXResourcesBuildPhase section */
		5BADAF191532183400B50C0E /* Resources */ = {
			isa = PBXResourcesBuildPhase;
			buildActionMask = 2147483647;
			files = (
				5BADAF2A1532183400B50C0E /* InfoPlist.strings in Resources */,
				5BADAF361532183400B50C0E /* ViewController.xib in Resources */,
			);
			runOnlyForDeploymentPostprocessing = 0;
		};
/* End PBXResourcesBuildPhase section */

/* Begin PBXSourcesBuildPhase section */
		5BADAF171532183400B50C0E /* Sources */ = {
			isa = PBXSourcesBuildPhase;
			buildActionMask = 2147483647;
			files = (
				5BADAF2C1532183400B50C0E /* main.m in Sources */,
				5BADAF301532183400B50C0E /* AppDelegate.m in Sources */,
				5BADAF331532183400B50C0E /* ViewController.m in Sources */,
			);
			runOnlyForDeploymentPostprocessing = 0;
		};
/* End PBXSourcesBuildPhase section */

/* Begin PBXVariantGroup section */
		5BADAF281532183400B50C0E /* InfoPlist.strings */ = {
			isa = PBXVariantGroup;
			children = (
				5BADAF291532183400B50C0E /* en */,
			);
			name = InfoPlist.strings;
			sourceTree = "<group>";
		};
		5BADAF341532183400B50C0E /* ViewController.xib */ = {
			isa = PBXVariantGroup;
			children = (
				5BADAF351532183400B50C0E /* en */,
			);
			name = ViewController.xib;
			sourceTree = "<group>";
		};
/* End PBXVariantGroup section */

/* Begin XCBuildConfiguration section */
		5BADAF371532183400B50C0E /* Debug */ = {
			isa = XCBuildConfiguration;
			buildSettings = {
				ALWAYS_SEARCH_USER_PATHS = NO;
				ARCHS = "$(ARCHS_STANDARD_32_BIT)";
				"CODE_SIGN_IDENTITY[sdk=iphoneos*]" = "iPhone Developer";
				COPY_PHASE_STRIP = NO;
				GCC_C_LANGUAGE_STANDARD = gnu99;
				GCC_DYNAMIC_NO_PIC = NO;
				GCC_OPTIMIZATION_LEVEL = 0;
				GCC_PREPROCESSOR_DEFINITIONS = (
					"DEBUG=1",
					"$(inherited)",
				);
				GCC_SYMBOLS_PRIVATE_EXTERN = NO;
				GCC_VERSION = com.apple.compilers.llvm.clang.1_0;
				GCC_WARN_ABOUT_RETURN_TYPE = YES;
				GCC_WARN_UNINITIALIZED_AUTOS = YES;
				GCC_WARN_UNUSED_VARIABLE = YES;
				IPHONEOS_DEPLOYMENT_TARGET = 5.1;
				SDKROOT = iphoneos;
			};
			name = Debug;
		};
		5BADAF381532183400B50C0E /* Release */ = {
			isa = XCBuildConfiguration;
			buildSettings = {
				ALWAYS_SEARCH_USER_PATHS = NO;
				ARCHS = "$(ARCHS_STANDARD_32_BIT)";
				"CODE_SIGN_IDENTITY[sdk=iphoneos*]" = "iPhone Developer";
				COPY_PHASE_STRIP = YES;
				GCC_C_LANGUAGE_STANDARD = gnu99;
				GCC_VERSION = com.apple.compilers.llvm.clang.1_0;
				GCC_WARN_ABOUT_RETURN_TYPE = YES;
				GCC_WARN_UNINITIALIZED_AUTOS = YES;
				GCC_WARN_UNUSED_VARIABLE = YES;
				IPHONEOS_DEPLOYMENT_TARGET = 5.1;
				OTHER_CFLAGS = "-DNS_BLOCK_ASSERTIONS=1";
				SDKROOT = iphoneos;
				VALIDATE_PRODUCT = YES;
			};
			name = Release;
		};
		5BADAF3A1532183400B50C0E /* Debug */ = {
			isa = XCBuildConfiguration;
			buildSettings = {
				GCC_PRECOMPILE_PREFIX_HEADER = YES;
				GCC_PREFIX_HEADER = "SegmentControl/SegmentControl-Prefix.pch";
				INFOPLIST_FILE = "SegmentControl/SegmentControl-Info.plist";
				PRODUCT_NAME = "$(TARGET_NAME)";
				WRAPPER_EXTENSION = app;
			};
			name = Debug;
		};
		5BADAF3B1532183400B50C0E /* Release */ = {
			isa = XCBuildConfiguration;
			buildSettings = {
				GCC_PRECOMPILE_PREFIX_HEADER = YES;
				GCC_PREFIX_HEADER = "SegmentControl/SegmentControl-Prefix.pch";
				INFOPLIST_FILE = "SegmentControl/SegmentControl-Info.plist";
				PRODUCT_NAME = "$(TARGET_NAME)";
				WRAPPER_EXTENSION = app;
			};
			name = Release;
		};
/* End XCBuildConfiguration section */

/* Begin XCConfigurationList section */
		5BADAF151532183400B50C0E /* Build configuration list for PBXProject "SegmentControl" */ = {
			isa = XCConfigurationList;
			buildConfigurations = (
				5BADAF371532183400B50C0E /* Debug */,
				5BADAF381532183400B50C0E /* Release */,
			);
			defaultConfigurationIsVisible = 0;
			defaultConfigurationName = Release;
		};
		5BADAF391532183400B50C0E /* Build configuration list for PBXNativeTarget "SegmentControl" */ = {
			isa = XCConfigurationList;
			buildConfigurations = (
				5BADAF3A1532183400B50C0E /* Debug */,
				5BADAF3B1532183400B50C0E /* Release */,
			);
			defaultConfigurationIsVisible = 0;
		};
/* End XCConfigurationList section */
	};
	rootObject = 5BADAF121532183400B50C0E /* Project object */;
}
